<?xml version="1.0" encoding="utf-8"?>
<Project ToolsVersion="4.0" xmlns="http://schemas.microsoft.com/developer/msbuild/2003">
  <ItemGroup>
    <Filter Include="Archivos de origen">
      <UniqueIdentifier>{4FC737F1-C7A5-4376-A066-2A32D752A2FF}</UniqueIdentifier>
      <Extensions>cpp;c;cc;cxx;c++;cppm;ixx;def;odl;idl;hpj;bat;asm;asmx</Extensions>
    </Filter>
    <Filter Include="Archivos de recursos">
      <UniqueIdentifier>{67DA6AB6-F800-4c08-8B7A-83BB121AAD01}</UniqueIdentifier>
      <Extensions>rc;ico;cur;bmp;dlg;rc2;rct;bin;rgs;gif;jpg;jpeg;jpe;resx;tiff;tif;png;wav;mfcribbon-ms</Extensions>
    </Filter>
    <Filter Include="Archivos de origen\data_files">
      <UniqueIdentifier>{ea04e1ea-0197-4739-a57f-50f2c9e6b942}</UniqueIdentifier>
    </Filter>
  </ItemGroup>
  <ItemGroup>
    <ClCompile Include="Model\alq_herramientas.cpp">
      <Filter>Archivos de origen</Filter>
    </ClCompile>
    <ClCompile Include="Model\Art_Bazar.cpp">
      <Filter>Archivos de origen</Filter>
    </ClCompile>
    <ClCompile Include="Model\Art_comprado.cpp">
      <Filter>Archivos de origen</Filter>
    </ClCompile>
    <ClCompile Include="Model\Art_electricos.cpp">
      <Filter>Archivos de origen</Filter>
    </ClCompile>
    <ClCompile Include="Model\Art_ferr.cpp">
      <Filter>Archivos de origen</Filter>
    </ClCompile>
    <ClCompile Include="Model\Articulos.cpp">
      <Filter>Archivos de origen</Filter>
    </ClCompile>
    <ClCompile Include="Model\Cambio.cpp">
      <Filter>Archivos de origen</Filter>
    </ClCompile>
    <ClCompile Include="Model\Cerrajero.cpp">
      <Filter>Archivos de origen</Filter>
    </ClCompile>
    <ClCompile Include="Model\cliente.cpp">
      <Filter>Archivos de origen</Filter>
    </ClCompile>
    <ClCompile Include="Model\Despachante.cpp">
      <Filter>Archivos de origen</Filter>
    </ClCompile>
    <ClCompile Include="Model\Duenyo.cpp">
      <Filter>Archivos de origen</Filter>
    </ClCompile>
    <ClCompile Include="Model\Empleado.cpp">
      <Filter>Archivos de origen</Filter>
    </ClCompile>
    <ClCompile Include="Model\Ferreteria.cpp">
      <Filter>Archivos de origen</Filter>
    </ClCompile>
    <ClCompile Include="Model\Herramientas.cpp">
      <Filter>Archivos de origen</Filter>
    </ClCompile>
    <ClCompile Include="Model\Plomero.cpp">
      <Filter>Archivos de origen</Filter>
    </ClCompile>
    <ClCompile Include="Model\Servicio.cpp">
      <Filter>Archivos de origen</Filter>
    </ClCompile>
    <ClCompile Include="Main.cpp" />
    <ClCompile Include="Funciones.cpp">
      <Filter>Archivos de origen</Filter>
    </ClCompile>
  </ItemGroup>
  <ItemGroup>
    <ClInclude Include="Model\alq_herramientas.h">
      <Filter>Archivos de origen</Filter>
    </ClInclude>
    <ClInclude Include="Model\Art_Bazar.h">
      <Filter>Archivos de origen</Filter>
    </ClInclude>
    <ClInclude Include="Model\Art_comprado.h">
      <Filter>Archivos de origen</Filter>
    </ClInclude>
    <ClInclude Include="Model\Art_electricos.h">
      <Filter>Archivos de origen</Filter>
    </ClInclude>
    <ClInclude Include="Model\Art_ferr.h">
      <Filter>Archivos de origen</Filter>
    </ClInclude>
    <ClInclude Include="Model\Cambio.h">
      <Filter>Archivos de origen</Filter>
    </ClInclude>
    <ClInclude Include="Model\Cerrajero.h">
      <Filter>Archivos de origen</Filter>
    </ClInclude>
    <ClInclude Include="Model\cliente.h">
      <Filter>Archivos de origen</Filter>
    </ClInclude>
    <ClInclude Include="Model\Despachante.h">
      <Filter>Archivos de origen</Filter>
    </ClInclude>
    <ClInclude Include="Model\Duenyo.h">
      <Filter>Archivos de origen</Filter>
    </ClInclude>
    <ClInclude Include="Model\Empleado.h">
      <Filter>Archivos de origen</Filter>
    </ClInclude>
    <ClInclude Include="Model\estado.h">
      <Filter>Archivos de origen</Filter>
    </ClInclude>
    <ClInclude Include="Model\Ferreteria.h">
      <Filter>Archivos de origen</Filter>
    </ClInclude>
    <ClInclude Include="Model\Herramientas.h">
      <Filter>Archivos de origen</Filter>
    </ClInclude>
    <ClInclude Include="Model\Interface1.h">
      <Filter>Archivos de origen</Filter>
    </ClInclude>
    <ClInclude Include="Model\pago.h">
      <Filter>Archivos de origen</Filter>
    </ClInclude>
    <ClInclude Include="Model\Plomero.h">
      <Filter>Archivos de origen</Filter>
    </ClInclude>
    <ClInclude Include="Model\Servicio.h">
      <Filter>Archivos de origen</Filter>
    </ClInclude>
    <ClInclude Include="Model\TURNOS.h">
      <Filter>Archivos de origen</Filter>
    </ClInclude>
    <ClInclude Include="Funciones.h">
      <Filter>Archivos de origen</Filter>
    </ClInclude>
    <ClInclude Include="Model\Articulos.h">
      <Filter>Archivos de origen</Filter>
    </ClInclude>
  </ItemGroup>
  <ItemGroup>
    <Text Include="data_files\Archivo_Herramientas_stock.txt">
      <Filter>Archivos de origen\data_files</Filter>
    </Text>
    <Text Include="data_files\Archivo_listas_de_compra.txt">
      <Filter>Archivos de origen\data_files</Filter>
    </Text>
    <Text Include="data_files\Archivo_Stock_Ferreteria.txt">
      <Filter>Archivos de origen\data_files</Filter>
    </Text>
    <Text Include="data_files\Archivo_Cola_Clientes.txt">
      <Filter>Archivos de origen\data_files</Filter>
    </Text>
  </ItemGroup>
</Project>